
Microsoft Visual Studio Solution File, Format Version 12.00
# Visual Studio Version 16
VisualStudioVersion = 16.0.29306.81
MinimumVisualStudioVersion = 10.0.40219.1
Project("{FAE04EC0-301F-11D3-BF4B-00C04F79EFBC}") = "MyDb", "MyDb\MyDb.csproj", "{0F975BFB-5C66-40A5-998D-A9CB3EC56952}"
EndProject
Global
	GlobalSection(SolutionConfigurationPlatforms) = preSolution
		Debug|Any CPU = Debug|Any CPU
		Release|Any CPU = Release|Any CPU
	EndGlobalSection
	GlobalSection(ProjectConfigurationPlatforms) = postSolution
		{0F975BFB-5C66-40A5-998D-A9CB3EC56952}.Debug|Any CPU.ActiveCfg = Debug|Any CPU
		{0F975BFB-5C66-40A5-998D-A9CB3EC56952}.Debug|Any CPU.Build.0 = Debug|Any CPU
		{0F975BFB-5C66-40A5-998D-A9CB3EC56952}.Release|Any CPU.ActiveCfg = Release|Any CPU
		{0F975BFB-5C66-40A5-998D-A9CB3EC56952}.Release|Any CPU.Build.0 = Release|Any CPU
	EndGlobalSection
	GlobalSection(SolutionProperties) = preSolution
		HideSolutionNode = FALSE
	EndGlobalSection
	GlobalSection(ExtensibilityGlobals) = postSolution
		SolutionGuid = {A33A12B6-F89A-4C10-877E-726D0A7652A3}
	EndGlobalSection
EndGlobal
